
Microsoft Visual Studio Solution File, Format Version 11.00
# Visual Studio 2010
Project("{54435603-DBB4-11D2-8724-00A0C9A8B90C}") = "reihenaufnahme-setup-win32", "reihenaufnahme-setup-win32\reihenaufnahme-setup-win32.vdproj", "{5EE0F08E-59BE-48BE-8B69-42A998D32DF4}"
EndProject
Project("{54435603-DBB4-11D2-8724-00A0C9A8B90C}") = "reihenaufnahme-setup-win64", "reihenaufnahme-setup-win64\reihenaufnahme-setup-win64.vdproj", "{0B080EF1-D469-4A03-842F-CC15AED4FC02}"
EndProject
Global
	GlobalSection(SolutionConfigurationPlatforms) = preSolution
		Debug|Default = Debug|Default
		Release|Default = Release|Default
	EndGlobalSection
	GlobalSection(ProjectConfigurationPlatforms) = postSolution
		{5EE0F08E-59BE-48BE-8B69-42A998D32DF4}.Debug|Default.ActiveCfg = Debug
		{5EE0F08E-59BE-48BE-8B69-42A998D32DF4}.Debug|Default.Build.0 = Debug
		{5EE0F08E-59BE-48BE-8B69-42A998D32DF4}.Release|Default.ActiveCfg = Release
		{5EE0F08E-59BE-48BE-8B69-42A998D32DF4}.Release|Default.Build.0 = Release
		{0B080EF1-D469-4A03-842F-CC15AED4FC02}.Debug|Default.ActiveCfg = Debug
		{0B080EF1-D469-4A03-842F-CC15AED4FC02}.Release|Default.ActiveCfg = Release
	EndGlobalSection
	GlobalSection(SolutionProperties) = preSolution
		HideSolutionNode = FALSE
	EndGlobalSection
EndGlobal
